// !$*UTF8*$!
{
	archiveVersion = 1;
	classes = {
	};
	objectVersion = 50;
	objects = {

/* Begin PBXBuildFile section */
		D8C6661F255CEBDE00BF9553 /* AppDelegate.swift in Sources */ = {isa = PBXBuildFile; fileRef = D8C6661E255CEBDE00BF9553 /* AppDelegate.swift */; };
		D8C66621255CEBDE00BF9553 /* SceneDelegate.swift in Sources */ = {isa = PBXBuildFile; fileRef = D8C66620255CEBDE00BF9553 /* SceneDelegate.swift */; };
		D8C66623255CEBDE00BF9553 /* ViewController.swift in Sources */ = {isa = PBXBuildFile; fileRef = D8C66622255CEBDE00BF9553 /* ViewController.swift */; };
		D8C66626255CEBDE00BF9553 /* Main.storyboard in Resources */ = {isa = PBXBuildFile; fileRef = D8C66624255CEBDE00BF9553 /* Main.storyboard */; };
		D8C66629255CEBDE00BF9553 /* tip.xcdatamodeld in Sources */ = {isa = PBXBuildFile; fileRef = D8C66627255CEBDE00BF9553 /* tip.xcdatamodeld */; };
		D8C6662B255CEBE000BF9553 /* Assets.xcassets in Resources */ = {isa = PBXBuildFile; fileRef = D8C6662A255CEBE000BF9553 /* Assets.xcassets */; };
		D8C6662E255CEBE000BF9553 /* LaunchScreen.storyboard in Resources */ = {isa = PBXBuildFile; fileRef = D8C6662C255CEBE000BF9553 /* LaunchScreen.storyboard */; };
		D8C66639255CEBE000BF9553 /* tipTests.swift in Sources */ = {isa = PBXBuildFile; fileRef = D8C66638255CEBE000BF9553 /* tipTests.swift */; };
		D8C66644255CEBE000BF9553 /* tipUITests.swift in Sources */ = {isa = PBXBuildFile; fileRef = D8C66643255CEBE000BF9553 /* tipUITests.swift */; };
/* End PBXBuildFile section */

/* Begin PBXContainerItemProxy section */
		D8C66635255CEBE000BF9553 /* PBXContainerItemProxy */ = {
			isa = PBXContainerItemProxy;
			containerPortal = D8C66613255CEBDE00BF9553 /* Project object */;
			proxyType = 1;
			remoteGlobalIDString = D8C6661A255CEBDE00BF9553;
			remoteInfo = tip;
		};
		D8C66640255CEBE000BF9553 /* PBXContainerItemProxy */ = {
			isa = PBXContainerItemProxy;
			containerPortal = D8C66613255CEBDE00BF9553 /* Project object */;
			proxyType = 1;
			remoteGlobalIDString = D8C6661A255CEBDE00BF9553;
			remoteInfo = tip;
		};
/* End PBXContainerItemProxy section */

/* Begin PBXFileReference section */
		D8C6661B255CEBDE00BF9553 /* tip.app */ = {isa = PBXFileReference; explicitFileType = wrapper.application; includeInIndex = 0; path = tip.app; sourceTree = BUILT_PRODUCTS_DIR; };
		D8C6661E255CEBDE00BF9553 /* AppDelegate.swift */ = {isa = PBXFileReference; lastKnownFileType = sourcecode.swift; path = AppDelegate.swift; sourceTree = "<group>"; };
		D8C66620255CEBDE00BF9553 /* SceneDelegate.swift */ = {isa = PBXFileReference; lastKnownFileType = sourcecode.swift; path = SceneDelegate.swift; sourceTree = "<group>"; };
		D8C66622255CEBDE00BF9553 /* ViewController.swift */ = {isa = PBXFileReference; lastKnownFileType = sourcecode.swift; path = ViewController.swift; sourceTree = "<group>"; };
		D8C66625255CEBDE00BF9553 /* Base */ = {isa = PBXFileReference; lastKnownFileType = file.storyboard; name = Base; path = Base.lproj/Main.storyboard; sourceTree = "<group>"; };
		D8C66628255CEBDE00BF9553 /* tip.xcdatamodel */ = {isa = PBXFileReference; lastKnownFileType = wrapper.xcdatamodel; path = tip.xcdatamodel; sourceTree = "<group>"; };
		D8C6662A255CEBE000BF9553 /* Assets.xcassets */ = {isa = PBXFileReference; lastKnownFileType = folder.assetcatalog; path = Assets.xcassets; sourceTree = "<group>"; };
		D8C6662D255CEBE000BF9553 /* Base */ = {isa = PBXFileReference; lastKnownFileType = file.storyboard; name = Base; path = Base.lproj/LaunchScreen.storyboard; sourceTree = "<group>"; };
		D8C6662F255CEBE000BF9553 /* Info.plist */ = {isa = PBXFileReference; lastKnownFileType = text.plist.xml; path = Info.plist; sourceTree = "<group>"; };
		D8C66634255CEBE000BF9553 /* tipTests.xctest */ = {isa = PBXFileReference; explicitFileType = wrapper.cfbundle; includeInIndex = 0; path = tipTests.xctest; sourceTree = BUILT_PRODUCTS_DIR; };
		D8C66638255CEBE000BF9553 /* tipTests.swift */ = {isa = PBXFileReference; lastKnownFileType = sourcecode.swift; path = tipTests.swift; sourceTree = "<group>"; };
		D8C6663A255CEBE000BF9553 /* Info.plist */ = {isa = PBXFileReference; lastKnownFileType = text.plist.xml; path = Info.plist; sourceTree = "<group>"; };
		D8C6663F255CEBE000BF9553 /* tipUITests.xctest */ = {isa = PBXFileReference; explicitFileType = wrapper.cfbundle; includeInIndex = 0; path = tipUITests.xctest; sourceTree = BUILT_PRODUCTS_DIR; };
		D8C66643255CEBE000BF9553 /* tipUITests.swift */ = {isa = PBXFileReference; lastKnownFileType = sourcecode.swift; path = tipUITests.swift; sourceTree = "<group>"; };
		D8C66645255CEBE000BF9553 /* Info.plist */ = {isa = PBXFileReference; lastKnownFileType = text.plist.xml; path = Info.plist; sourceTree = "<group>"; };
/* End PBXFileReference section */

/* Begin PBXFrameworksBuildPhase section */
		D8C66618255CEBDE00BF9553 /* Frameworks */ = {
			isa = PBXFrameworksBuildPhase;
			buildActionMask = 2147483647;
			files = (
			);
			runOnlyForDeploymentPostprocessing = 0;
		};
		D8C66631255CEBE000BF9553 /* Frameworks */ = {
			isa = PBXFrameworksBuildPhase;
			buildActionMask = 2147483647;
			files = (
			);
			runOnlyForDeploymentPostprocessing = 0;
		};
		D8C6663C255CEBE000BF9553 /* Frameworks */ = {
			isa = PBXFrameworksBuildPhase;
			buildActionMask = 2147483647;
			files = (
			);
			runOnlyForDeploymentPostprocessing = 0;
		};
/* End PBXFrameworksBuildPhase section */

/* Begin PBXGroup section */
		D8C66612255CEBDE00BF9553 = {
			isa = PBXGroup;
			children = (
				D8C6661D255CEBDE00BF9553 /* tip */,
				D8C66637255CEBE000BF9553 /* tipTests */,
				D8C66642255CEBE000BF9553 /* tipUITests */,
				D8C6661C255CEBDE00BF9553 /* Products */,
			);
			sourceTree = "<group>";
		};
		D8C6661C255CEBDE00BF9553 /* Products */ = {
			isa = PBXGroup;
			children = (
				D8C6661B255CEBDE00BF9553 /* tip.app */,
				D8C66634255CEBE000BF9553 /* tipTests.xctest */,
				D8C6663F255CEBE000BF9553 /* tipUITests.xctest */,
			);
			name = Products;
			sourceTree = "<group>";
		};
		D8C6661D255CEBDE00BF9553 /* tip */ = {
			isa = PBXGroup;
			children = (
				D8C6661E255CEBDE00BF9553 /* AppDelegate.swift */,
				D8C66620255CEBDE00BF9553 /* SceneDelegate.swift */,
				D8C66622255CEBDE00BF9553 /* ViewController.swift */,
				D8C66624255CEBDE00BF9553 /* Main.storyboard */,
				D8C6662A255CEBE000BF9553 /* Assets.xcassets */,
				D8C6662C255CEBE000BF9553 /* LaunchScreen.storyboard */,
				D8C6662F255CEBE000BF9553 /* Info.plist */,
				D8C66627255CEBDE00BF9553 /* tip.xcdatamodeld */,
			);
			path = tip;
			sourceTree = "<group>";
		};
		D8C66637255CEBE000BF9553 /* tipTests */ = {
			isa = PBXGroup;
			children = (
				D8C66638255CEBE000BF9553 /* tipTests.swift */,
				D8C6663A255CEBE000BF9553 /* Info.plist */,
			);
			path = tipTests;
			sourceTree = "<group>";
		};
		D8C66642255CEBE000BF9553 /* tipUITests */ = {
			isa = PBXGroup;
			children = (
				D8C66643255CEBE000BF9553 /* tipUITests.swift */,
				D8C66645255CEBE000BF9553 /* Info.plist */,
			);
			path = tipUITests;
			sourceTree = "<group>";
		};
/* End PBXGroup section */

/* Begin PBXNativeTarget section */
		D8C6661A255CEBDE00BF9553 /* tip */ = {
			isa = PBXNativeTarget;
			buildConfigurationList = D8C66648255CEBE000BF9553 /* Build configuration list for PBXNativeTarget "tip" */;
			buildPhases = (
				D8C66617255CEBDE00BF9553 /* Sources */,
				D8C66618255CEBDE00BF9553 /* Frameworks */,
				D8C66619255CEBDE00BF9553 /* Resources */,
			);
			buildRules = (
			);
			dependencies = (
			);
			name = tip;
			productName = tip;
			productReference = D8C6661B255CEBDE00BF9553 /* tip.app */;
			productType = "com.apple.product-type.application";
		};
		D8C66633255CEBE000BF9553 /* tipTests */ = {
			isa = PBXNativeTarget;
			buildConfigurationList = D8C6664B255CEBE000BF9553 /* Build configuration list for PBXNativeTarget "tipTests" */;
			buildPhases = (
				D8C66630255CEBE000BF9553 /* Sources */,
				D8C66631255CEBE000BF9553 /* Frameworks */,
				D8C66632255CEBE000BF9553 /* Resources */,
			);
			buildRules = (
			);
			dependencies = (
				D8C66636255CEBE000BF9553 /* PBXTargetDependency */,
			);
			name = tipTests;
			productName = tipTests;
			productReference = D8C66634255CEBE000BF9553 /* tipTests.xctest */;
			productType = "com.apple.product-type.bundle.unit-test";
		};
		D8C6663E255CEBE000BF9553 /* tipUITests */ = {
			isa = PBXNativeTarget;
			buildConfigurationList = D8C6664E255CEBE000BF9553 /* Build configuration list for PBXNativeTarget "tipUITests" */;
			buildPhases = (
				D8C6663B255CEBE000BF9553 /* Sources */,
				D8C6663C255CEBE000BF9553 /* Frameworks */,
				D8C6663D255CEBE000BF9553 /* Resources */,
			);
			buildRules = (
			);
			dependencies = (
				D8C66641255CEBE000BF9553 /* PBXTargetDependency */,
			);
			name = tipUITests;
			productName = tipUITests;
			productReference = D8C6663F255CEBE000BF9553 /* tipUITests.xctest */;
			productType = "com.apple.product-type.bundle.ui-testing";
		};
/* End PBXNativeTarget section */

/* Begin PBXProject section */
		D8C66613255CEBDE00BF9553 /* Project object */ = {
			isa = PBXProject;
			attributes = {
				LastSwiftUpdateCheck = 1200;
				LastUpgradeCheck = 1200;
				TargetAttributes = {
					D8C6661A255CEBDE00BF9553 = {
						CreatedOnToolsVersion = 12.0.1;
					};
					D8C66633255CEBE000BF9553 = {
						CreatedOnToolsVersion = 12.0.1;
						TestTargetID = D8C6661A255CEBDE00BF9553;
					};
					D8C6663E255CEBE000BF9553 = {
						CreatedOnToolsVersion = 12.0.1;
						TestTargetID = D8C6661A255CEBDE00BF9553;
					};
				};
			};
			buildConfigurationList = D8C66616255CEBDE00BF9553 /* Build configuration list for PBXProject "tip" */;
			compatibilityVersion = "Xcode 9.3";
			developmentRegion = en;
			hasScannedForEncodings = 0;
			knownRegions = (
				en,
				Base,
			);
			mainGroup = D8C66612255CEBDE00BF9553;
			productRefGroup = D8C6661C255CEBDE00BF9553 /* Products */;
			projectDirPath = "";
			projectRoot = "";
			targets = (
				D8C6661A255CEBDE00BF9553 /* tip */,
				D8C66633255CEBE000BF9553 /* tipTests */,
				D8C6663E255CEBE000BF9553 /* tipUITests */,
			);
		};
/* End PBXProject section */

/* Begin PBXResourcesBuildPhase section */
		D8C66619255CEBDE00BF9553 /* Resources */ = {
			isa = PBXResourcesBuildPhase;
			buildActionMask = 2147483647;
			files = (
				D8C6662E255CEBE000BF9553 /* LaunchScreen.storyboard in Resources */,
				D8C6662B255CEBE000BF9553 /* Assets.xcassets in Resources */,
				D8C66626255CEBDE00BF9553 /* Main.storyboard in Resources */,
			);
			runOnlyForDeploymentPostprocessing = 0;
		};
		D8C66632255CEBE000BF9553 /* Resources */ = {
			isa = PBXResourcesBuildPhase;
			buildActionMask = 2147483647;
			files = (
			);
			runOnlyForDeploymentPostprocessing = 0;
		};
		D8C6663D255CEBE000BF9553 /* Resources */ = {
			isa = PBXResourcesBuildPhase;
			buildActionMask = 2147483647;
			files = (
			);
			runOnlyForDeploymentPostprocessing = 0;
		};
/* End PBXResourcesBuildPhase section */

/* Begin PBXSourcesBuildPhase section */
		D8C66617255CEBDE00BF9553 /* Sources */ = {
			isa = PBXSourcesBuildPhase;
			buildActionMask = 2147483647;
			files = (
				D8C66623255CEBDE00BF9553 /* ViewController.swift in Sources */,
				D8C66629255CEBDE00BF9553 /* tip.xcdatamodeld in Sources */,
				D8C6661F255CEBDE00BF9553 /* AppDelegate.swift in Sources */,
				D8C66621255CEBDE00BF9553 /* SceneDelegate.swift in Sources */,
			);
			runOnlyForDeploymentPostprocessing = 0;
		};
		D8C66630255CEBE000BF9553 /* Sources */ = {
			isa = PBXSourcesBuildPhase;
			buildActionMask = 2147483647;
			files = (
				D8C66639255CEBE000BF9553 /* tipTests.swift in Sources */,
			);
			runOnlyForDeploymentPostprocessing = 0;
		};
		D8C6663B255CEBE000BF9553 /* Sources */ = {
			isa = PBXSourcesBuildPhase;
			buildActionMask = 2147483647;
			files = (
				D8C66644255CEBE000BF9553 /* tipUITests.swift in Sources */,
			);
			runOnlyForDeploymentPostprocessing = 0;
		};
/* End PBXSourcesBuildPhase section */

/* Begin PBXTargetDependency section */
		D8C66636255CEBE000BF9553 /* PBXTargetDependency */ = {
			isa = PBXTargetDependency;
			target = D8C6661A255CEBDE00BF9553 /* tip */;
			targetProxy = D8C66635255CEBE000BF9553 /* PBXContainerItemProxy */;
		};
		D8C66641255CEBE000BF9553 /* PBXTargetDependency */ = {
			isa = PBXTargetDependency;
			target = D8C6661A255CEBDE00BF9553 /* tip */;
			targetProxy = D8C66640255CEBE000BF9553 /* PBXContainerItemProxy */;
		};
/* End PBXTargetDependency section */

/* Begin PBXVariantGroup section */
		D8C66624255CEBDE00BF9553 /* Main.storyboard */ = {
			isa = PBXVariantGroup;
			children = (
				D8C66625255CEBDE00BF9553 /* Base */,
			);
			name = Main.storyboard;
			sourceTree = "<group>";
		};
		D8C6662C255CEBE000BF9553 /* LaunchScreen.storyboard */ = {
			isa = PBXVariantGroup;
			children = (
				D8C6662D255CEBE000BF9553 /* Base */,
			);
			name = LaunchScreen.storyboard;
			sourceTree = "<group>";
		};
/* End PBXVariantGroup section */

/* Begin XCBuildConfiguration section */
		D8C66646255CEBE000BF9553 /* Debug */ = {
			isa = XCBuildConfiguration;
			buildSettings = {
				ALWAYS_SEARCH_USER_PATHS = NO;
				CLANG_ANALYZER_NONNULL = YES;
				CLANG_ANALYZER_NUMBER_OBJECT_CONVERSION = YES_AGGRESSIVE;
				CLANG_CXX_LANGUAGE_STANDARD = "gnu++14";
				CLANG_CXX_LIBRARY = "libc++";
				CLANG_ENABLE_MODULES = YES;
				CLANG_ENABLE_OBJC_ARC = YES;
				CLANG_ENABLE_OBJC_WEAK = YES;
				CLANG_WARN_BLOCK_CAPTURE_AUTORELEASING = YES;
				CLANG_WARN_BOOL_CONVERSION = YES;
				CLANG_WARN_COMMA = YES;
				CLANG_WARN_CONSTANT_CONVERSION = YES;
				CLANG_WARN_DEPRECATED_OBJC_IMPLEMENTATIONS = YES;
				CLANG_WARN_DIRECT_OBJC_ISA_USAGE = YES_ERROR;
				CLANG_WARN_DOCUMENTATION_COMMENTS = YES;
				CLANG_WARN_EMPTY_BODY = YES;
				CLANG_WARN_ENUM_CONVERSION = YES;
				CLANG_WARN_INFINITE_RECURSION = YES;
				CLANG_WARN_INT_CONVERSION = YES;
				CLANG_WARN_NON_LITERAL_NULL_CONVERSION = YES;
				CLANG_WARN_OBJC_IMPLICIT_RETAIN_SELF = YES;
				CLANG_WARN_OBJC_LITERAL_CONVERSION = YES;
				CLANG_WARN_OBJC_ROOT_CLASS = YES_ERROR;
				CLANG_WARN_QUOTED_INCLUDE_IN_FRAMEWORK_HEADER = YES;
				CLANG_WARN_RANGE_LOOP_ANALYSIS = YES;
				CLANG_WARN_STRICT_PROTOTYPES = YES;
				CLANG_WARN_SUSPICIOUS_MOVE = YES;
				CLANG_WARN_UNGUARDED_AVAILABILITY = YES_AGGRESSIVE;
				CLANG_WARN_UNREACHABLE_CODE = YES;
				CLANG_WARN__DUPLICATE_METHOD_MATCH = YES;
				COPY_PHASE_STRIP = NO;
				DEBUG_INFORMATION_FORMAT = dwarf;
				ENABLE_STRICT_OBJC_MSGSEND = YES;
				ENABLE_TESTABILITY = YES;
				GCC_C_LANGUAGE_STANDARD = gnu11;
				GCC_DYNAMIC_NO_PIC = NO;
				GCC_NO_COMMON_BLOCKS = YES;
				GCC_OPTIMIZATION_LEVEL = 0;
				GCC_PREPROCESSOR_DEFINITIONS = (
					"DEBUG=1",
					"$(inherited)",
				);
				GCC_WARN_64_TO_32_BIT_CONVERSION = YES;
				GCC_WARN_ABOUT_RETURN_TYPE = YES_ERROR;
				GCC_WARN_UNDECLARED_SELECTOR = YES;
				GCC_WARN_UNINITIALIZED_AUTOS = YES_AGGRESSIVE;
				GCC_WARN_UNUSED_FUNCTION = YES;
				GCC_WARN_UNUSED_VARIABLE = YES;
				IPHONEOS_DEPLOYMENT_TARGET = 14.0;
				MTL_ENABLE_DEBUG_INFO = INCLUDE_SOURCE;
				MTL_FAST_MATH = YES;
				ONLY_ACTIVE_ARCH = YES;
				SDKROOT = iphoneos;
				SWIFT_ACTIVE_COMPILATION_CONDITIONS = DEBUG;
				SWIFT_OPTIMIZATION_LEVEL = "-Onone";
			};
			name = Debug;
		};
		D8C66647255CEBE000BF9553 /* Release */ = {
			isa = XCBuildConfiguration;
			buildSettings = {
				ALWAYS_SEARCH_USER_PATHS = NO;
				CLANG_ANALYZER_NONNULL = YES;
				CLANG_ANALYZER_NUMBER_OBJECT_CONVERSION = YES_AGGRESSIVE;
				CLANG_CXX_LANGUAGE_STANDARD = "gnu++14";
				CLANG_CXX_LIBRARY = "libc++";
				CLANG_ENABLE_MODULES = YES;
				CLANG_ENABLE_OBJC_ARC = YES;
				CLANG_ENABLE_OBJC_WEAK = YES;
				CLANG_WARN_BLOCK_CAPTURE_AUTORELEASING = YES;
				CLANG_WARN_BOOL_CONVERSION = YES;
				CLANG_WARN_COMMA = YES;
				CLANG_WARN_CONSTANT_CONVERSION = YES;
				CLANG_WARN_DEPRECATED_OBJC_IMPLEMENTATIONS = YES;
				CLANG_WARN_DIRECT_OBJC_ISA_USAGE = YES_ERROR;
				CLANG_WARN_DOCUMENTATION_COMMENTS = YES;
				CLANG_WARN_EMPTY_BODY = YES;
				CLANG_WARN_ENUM_CONVERSION = YES;
				CLANG_WARN_INFINITE_RECURSION = YES;
				CLANG_WARN_INT_CONVERSION = YES;
				CLANG_WARN_NON_LITERAL_NULL_CONVERSION = YES;
				CLANG_WARN_OBJC_IMPLICIT_RETAIN_SELF = YES;
				CLANG_WARN_OBJC_LITERAL_CONVERSION = YES;
				CLANG_WARN_OBJC_ROOT_CLASS = YES_ERROR;
				CLANG_WARN_QUOTED_INCLUDE_IN_FRAMEWORK_HEADER = YES;
				CLANG_WARN_RANGE_LOOP_ANALYSIS = YES;
				CLANG_WARN_STRICT_PROTOTYPES = YES;
				CLANG_WARN_SUSPICIOUS_MOVE = YES;
				CLANG_WARN_UNGUARDED_AVAILABILITY = YES_AGGRESSIVE;
				CLANG_WARN_UNREACHABLE_CODE = YES;
				CLANG_WARN__DUPLICATE_METHOD_MATCH = YES;
				COPY_PHASE_STRIP = NO;
				DEBUG_INFORMATION_FORMAT = "dwarf-with-dsym";
				ENABLE_NS_ASSERTIONS = NO;
				ENABLE_STRICT_OBJC_MSGSEND = YES;
				GCC_C_LANGUAGE_STANDARD = gnu11;
				GCC_NO_COMMON_BLOCKS = YES;
				GCC_WARN_64_TO_32_BIT_CONVERSION = YES;
				GCC_WARN_ABOUT_RETURN_TYPE = YES_ERROR;
				GCC_WARN_UNDECLARED_SELECTOR = YES;
				GCC_WARN_UNINITIALIZED_AUTOS = YES_AGGRESSIVE;
				GCC_WARN_UNUSED_FUNCTION = YES;
				GCC_WARN_UNUSED_VARIABLE = YES;
				IPHONEOS_DEPLOYMENT_TARGET = 14.0;
				MTL_ENABLE_DEBUG_INFO = NO;
				MTL_FAST_MATH = YES;
				SDKROOT = iphoneos;
				SWIFT_COMPILATION_MODE = wholemodule;
				SWIFT_OPTIMIZATION_LEVEL = "-O";
				VALIDATE_PRODUCT = YES;
			};
			name = Release;
		};
		D8C66649255CEBE000BF9553 /* Debug */ = {
			isa = XCBuildConfiguration;
			buildSettings = {
				ASSETCATALOG_COMPILER_APPICON_NAME = AppIcon;
				ASSETCATALOG_COMPILER_GLOBAL_ACCENT_COLOR_NAME = AccentColor;
				CODE_SIGN_STYLE = Automatic;
				INFOPLIST_FILE = tip/Info.plist;
				LD_RUNPATH_SEARCH_PATHS = (
					"$(inherited)",
					"@executable_path/Frameworks",
				);
				PRODUCT_BUNDLE_IDENTIFIER = com.AnthonyBravo.tip;
				PRODUCT_NAME = "$(TARGET_NAME)";
				SWIFT_VERSION = 5.0;
				TARGETED_DEVICE_FAMILY = "1,2";
			};
			name = Debug;
		};
		D8C6664A255CEBE000BF9553 /* Release */ = {
			isa = XCBuildConfiguration;
			buildSettings = {
				ASSETCATALOG_COMPILER_APPICON_NAME = AppIcon;
				ASSETCATALOG_COMPILER_GLOBAL_ACCENT_COLOR_NAME = AccentColor;
				CODE_SIGN_STYLE = Automatic;
				INFOPLIST_FILE = tip/Info.plist;
				LD_RUNPATH_SEARCH_PATHS = (
					"$(inherited)",
					"@executable_path/Frameworks",
				);
				PRODUCT_BUNDLE_IDENTIFIER = com.AnthonyBravo.tip;
				PRODUCT_NAME = "$(TARGET_NAME)";
				SWIFT_VERSION = 5.0;
				TARGETED_DEVICE_FAMILY = "1,2";
			};
			name = Release;
		};
		D8C6664C255CEBE000BF9553 /* Debug */ = {
			isa = XCBuildConfiguration;
			buildSettings = {
				ALWAYS_EMBED_SWIFT_STANDARD_LIBRARIES = YES;
				BUNDLE_LOADER = "$(TEST_HOST)";
				CODE_SIGN_STYLE = Automatic;
				INFOPLIST_FILE = tipTests/Info.plist;
				IPHONEOS_DEPLOYMENT_TARGET = 14.0;
				LD_RUNPATH_SEARCH_PATHS = (
					"$(inherited)",
					"@executable_path/Frameworks",
					"@loader_path/Frameworks",
				);
				PRODUCT_BUNDLE_IDENTIFIER = com.AnthonyBravo.tipTests;
				PRODUCT_NAME = "$(TARGET_NAME)";
				SWIFT_VERSION = 5.0;
				TARGETED_DEVICE_FAMILY = "1,2";
				TEST_HOST = "$(BUILT_PRODUCTS_DIR)/tip.app/tip";
			};
			name = Debug;
		};
		D8C6664D255CEBE000BF9553 /* Release */ = {
			isa = XCBuildConfiguration;
			buildSettings = {
				ALWAYS_EMBED_SWIFT_STANDARD_LIBRARIES = YES;
				BUNDLE_LOADER = "$(TEST_HOST)";
				CODE_SIGN_STYLE = Automatic;
				INFOPLIST_FILE = tipTests/Info.plist;
				IPHONEOS_DEPLOYMENT_TARGET = 14.0;
				LD_RUNPATH_SEARCH_PATHS = (
					"$(inherited)",
					"@executable_path/Frameworks",
					"@loader_path/Frameworks",
				);
				PRODUCT_BUNDLE_IDENTIFIER = com.AnthonyBravo.tipTests;
				PRODUCT_NAME = "$(TARGET_NAME)";
				SWIFT_VERSION = 5.0;
				TARGETED_DEVICE_FAMILY = "1,2";
				TEST_HOST = "$(BUILT_PRODUCTS_DIR)/tip.app/tip";
			};
			name = Release;
		};
		D8C6664F255CEBE000BF9553 /* Debug */ = {
			isa = XCBuildConfiguration;
			buildSettings = {
				ALWAYS_EMBED_SWIFT_STANDARD_LIBRARIES = YES;
				CODE_SIGN_STYLE = Automatic;
				INFOPLIST_FILE = tipUITests/Info.plist;
				LD_RUNPATH_SEARCH_PATHS = (
					"$(inherited)",
					"@executable_path/Frameworks",
					"@loader_path/Frameworks",
				);
				PRODUCT_BUNDLE_IDENTIFIER = com.AnthonyBravo.tipUITests;
				PRODUCT_NAME = "$(TARGET_NAME)";
				SWIFT_VERSION = 5.0;
				TARGETED_DEVICE_FAMILY = "1,2";
				TEST_TARGET_NAME = tip;
			};
			name = Debug;
		};
		D8C66650255CEBE000BF9553 /* Release */ = {
			isa = XCBuildConfiguration;
			buildSettings = {
				ALWAYS_EMBED_SWIFT_STANDARD_LIBRARIES = YES;
				CODE_SIGN_STYLE = Automatic;
				INFOPLIST_FILE = tipUITests/Info.plist;
				LD_RUNPATH_SEARCH_PATHS = (
					"$(inherited)",
					"@executable_path/Frameworks",
					"@loader_path/Frameworks",
				);
				PRODUCT_BUNDLE_IDENTIFIER = com.AnthonyBravo.tipUITests;
				PRODUCT_NAME = "$(TARGET_NAME)";
				SWIFT_VERSION = 5.0;
				TARGETED_DEVICE_FAMILY = "1,2";
				TEST_TARGET_NAME = tip;
			};
			name = Release;
		};
/* End XCBuildConfiguration section */

/* Begin XCConfigurationList section */
		D8C66616255CEBDE00BF9553 /* Build configuration list for PBXProject "tip" */ = {
			isa = XCConfigurationList;
			buildConfigurations = (
				D8C66646255CEBE000BF9553 /* Debug */,
				D8C66647255CEBE000BF9553 /* Release */,
			);
			defaultConfigurationIsVisible = 0;
			defaultConfigurationName = Release;
		};
		D8C66648255CEBE000BF9553 /* Build configuration list for PBXNativeTarget "tip" */ = {
			isa = XCConfigurationList;
			buildConfigurations = (
				D8C66649255CEBE000BF9553 /* Debug */,
				D8C6664A255CEBE000BF9553 /* Release */,
			);
			defaultConfigurationIsVisible = 0;
			defaultConfigurationName = Release;
		};
		D8C6664B255CEBE000BF9553 /* Build configuration list for PBXNativeTarget "tipTests" */ = {
			isa = XCConfigurationList;
			buildConfigurations = (
				D8C6664C255CEBE000BF9553 /* Debug */,
				D8C6664D255CEBE000BF9553 /* Release */,
			);
			defaultConfigurationIsVisible = 0;
			defaultConfigurationName = Release;
		};
		D8C6664E255CEBE000BF9553 /* Build configuration list for PBXNativeTarget "tipUITests" */ = {
			isa = XCConfigurationList;
			buildConfigurations = (
				D8C6664F255CEBE000BF9553 /* Debug */,
				D8C66650255CEBE000BF9553 /* Release */,
			);
			defaultConfigurationIsVisible = 0;
			defaultConfigurationName = Release;
		};
/* End XCConfigurationList section */

/* Begin XCVersionGroup section */
		D8C66627255CEBDE00BF9553 /* tip.xcdatamodeld */ = {
			isa = XCVersionGroup;
			children = (
				D8C66628255CEBDE00BF9553 /* tip.xcdatamodel */,
			);
			currentVersion = D8C66628255CEBDE00BF9553 /* tip.xcdatamodel */;
			path = tip.xcdatamodeld;
			sourceTree = "<group>";
			versionGroupType = wrapper.xcdatamodel;
		};
/* End XCVersionGroup section */
	};
	rootObject = D8C66613255CEBDE00BF9553 /* Project object */;
}
